// !$*UTF8*$!
{
	archiveVersion = 1;
	classes = {
	};
	objectVersion = 50;
	objects = {

/* Begin PBXBuildFile section */
		F59FA0F325FF3573005A606C /* AppDelegate.swift in Sources */ = {isa = PBXBuildFile; fileRef = F59FA0F225FF3573005A606C /* AppDelegate.swift */; };
		F59FA0F525FF3573005A606C /* SceneDelegate.swift in Sources */ = {isa = PBXBuildFile; fileRef = F59FA0F425FF3573005A606C /* SceneDelegate.swift */; };
		F59FA0F725FF3573005A606C /* ViewController.swift in Sources */ = {isa = PBXBuildFile; fileRef = F59FA0F625FF3573005A606C /* ViewController.swift */; };
		F59FA0FA25FF3573005A606C /* Main.storyboard in Resources */ = {isa = PBXBuildFile; fileRef = F59FA0F825FF3573005A606C /* Main.storyboard */; };
		F59FA0FC25FF3574005A606C /* Assets.xcassets in Resources */ = {isa = PBXBuildFile; fileRef = F59FA0FB25FF3574005A606C /* Assets.xcassets */; };
		F59FA0FF25FF3574005A606C /* LaunchScreen.storyboard in Resources */ = {isa = PBXBuildFile; fileRef = F59FA0FD25FF3574005A606C /* LaunchScreen.storyboard */; };
		F59FA11125FF3643005A606C /* A.wav in Resources */ = {isa = PBXBuildFile; fileRef = F59FA10A25FF3643005A606C /* A.wav */; };
		F59FA11225FF3643005A606C /* C.wav in Resources */ = {isa = PBXBuildFile; fileRef = F59FA10B25FF3643005A606C /* C.wav */; };
		F59FA11325FF3643005A606C /* B.wav in Resources */ = {isa = PBXBuildFile; fileRef = F59FA10C25FF3643005A606C /* B.wav */; };
		F59FA11425FF3643005A606C /* F.wav in Resources */ = {isa = PBXBuildFile; fileRef = F59FA10D25FF3643005A606C /* F.wav */; };
		F59FA11525FF3643005A606C /* G.wav in Resources */ = {isa = PBXBuildFile; fileRef = F59FA10E25FF3643005A606C /* G.wav */; };
		F59FA11625FF3643005A606C /* E.wav in Resources */ = {isa = PBXBuildFile; fileRef = F59FA10F25FF3643005A606C /* E.wav */; };
		F59FA11725FF3643005A606C /* D.wav in Resources */ = {isa = PBXBuildFile; fileRef = F59FA11025FF3643005A606C /* D.wav */; };
/* End PBXBuildFile section */

/* Begin PBXFileReference section */
		F59FA0EF25FF3573005A606C /* Play Xylophone.app */ = {isa = PBXFileReference; explicitFileType = wrapper.application; includeInIndex = 0; path = "Play Xylophone.app"; sourceTree = BUILT_PRODUCTS_DIR; };
		F59FA0F225FF3573005A606C /* AppDelegate.swift */ = {isa = PBXFileReference; lastKnownFileType = sourcecode.swift; path = AppDelegate.swift; sourceTree = "<group>"; };
		F59FA0F425FF3573005A606C /* SceneDelegate.swift */ = {isa = PBXFileReference; lastKnownFileType = sourcecode.swift; path = SceneDelegate.swift; sourceTree = "<group>"; };
		F59FA0F625FF3573005A606C /* ViewController.swift */ = {isa = PBXFileReference; lastKnownFileType = sourcecode.swift; path = ViewController.swift; sourceTree = "<group>"; };
		F59FA0F925FF3573005A606C /* Base */ = {isa = PBXFileReference; lastKnownFileType = file.storyboard; name = Base; path = Base.lproj/Main.storyboard; sourceTree = "<group>"; };
		F59FA0FB25FF3574005A606C /* Assets.xcassets */ = {isa = PBXFileReference; lastKnownFileType = folder.assetcatalog; path = Assets.xcassets; sourceTree = "<group>"; };
		F59FA0FE25FF3574005A606C /* Base */ = {isa = PBXFileReference; lastKnownFileType = file.storyboard; name = Base; path = Base.lproj/LaunchScreen.storyboard; sourceTree = "<group>"; };
		F59FA10025FF3574005A606C /* Info.plist */ = {isa = PBXFileReference; lastKnownFileType = text.plist.xml; path = Info.plist; sourceTree = "<group>"; };
		F59FA10A25FF3643005A606C /* A.wav */ = {isa = PBXFileReference; lastKnownFileType = audio.wav; path = A.wav; sourceTree = "<group>"; };
		F59FA10B25FF3643005A606C /* C.wav */ = {isa = PBXFileReference; lastKnownFileType = audio.wav; path = C.wav; sourceTree = "<group>"; };
		F59FA10C25FF3643005A606C /* B.wav */ = {isa = PBXFileReference; lastKnownFileType = audio.wav; path = B.wav; sourceTree = "<group>"; };
		F59FA10D25FF3643005A606C /* F.wav */ = {isa = PBXFileReference; lastKnownFileType = audio.wav; path = F.wav; sourceTree = "<group>"; };
		F59FA10E25FF3643005A606C /* G.wav */ = {isa = PBXFileReference; lastKnownFileType = audio.wav; path = G.wav; sourceTree = "<group>"; };
		F59FA10F25FF3643005A606C /* E.wav */ = {isa = PBXFileReference; lastKnownFileType = audio.wav; path = E.wav; sourceTree = "<group>"; };
		F59FA11025FF3643005A606C /* D.wav */ = {isa = PBXFileReference; lastKnownFileType = audio.wav; path = D.wav; sourceTree = "<group>"; };
/* End PBXFileReference section */

/* Begin PBXFrameworksBuildPhase section */
		F59FA0EC25FF3573005A606C /* Frameworks */ = {
			isa = PBXFrameworksBuildPhase;
			buildActionMask = 2147483647;
			files = (
			);
			runOnlyForDeploymentPostprocessing = 0;
		};
/* End PBXFrameworksBuildPhase section */

/* Begin PBXGroup section */
		F59FA0E625FF3573005A606C = {
			isa = PBXGroup;
			children = (
				F59FA0F125FF3573005A606C /* Play Xylophone */,
				F59FA0F025FF3573005A606C /* Products */,
			);
			sourceTree = "<group>";
		};
		F59FA0F025FF3573005A606C /* Products */ = {
			isa = PBXGroup;
			children = (
				F59FA0EF25FF3573005A606C /* Play Xylophone.app */,
			);
			name = Products;
			sourceTree = "<group>";
		};
		F59FA0F125FF3573005A606C /* Play Xylophone */ = {
			isa = PBXGroup;
			children = (
				F59FA0F225FF3573005A606C /* AppDelegate.swift */,
				F59FA0F425FF3573005A606C /* SceneDelegate.swift */,
				F59FA0F625FF3573005A606C /* ViewController.swift */,
				F59FA0F825FF3573005A606C /* Main.storyboard */,
				F59FA0FB25FF3574005A606C /* Assets.xcassets */,
				F59FA0FD25FF3574005A606C /* LaunchScreen.storyboard */,
				F59FA10025FF3574005A606C /* Info.plist */,
				F59FA10925FF3643005A606C /* Sounds */,
			);
			path = "Play Xylophone";
			sourceTree = "<group>";
		};
		F59FA10925FF3643005A606C /* Sounds */ = {
			isa = PBXGroup;
			children = (
				F59FA10A25FF3643005A606C /* A.wav */,
				F59FA10B25FF3643005A606C /* C.wav */,
				F59FA10C25FF3643005A606C /* B.wav */,
				F59FA10D25FF3643005A606C /* F.wav */,
				F59FA10E25FF3643005A606C /* G.wav */,
				F59FA10F25FF3643005A606C /* E.wav */,
				F59FA11025FF3643005A606C /* D.wav */,
			);
			path = Sounds;
			sourceTree = "<group>";
		};
/* End PBXGroup section */

/* Begin PBXNativeTarget section */
		F59FA0EE25FF3573005A606C /* Play Xylophone */ = {
			isa = PBXNativeTarget;
			buildConfigurationList = F59FA10325FF3574005A606C /* Build configuration list for PBXNativeTarget "Play Xylophone" */;
			buildPhases = (
				F59FA0EB25FF3573005A606C /* Sources */,
				F59FA0EC25FF3573005A606C /* Frameworks */,
				F59FA0ED25FF3573005A606C /* Resources */,
			);
			buildRules = (
			);
			dependencies = (
			);
			name = "Play Xylophone";
			productName = "Play Xylophone";
			productReference = F59FA0EF25FF3573005A606C /* Play Xylophone.app */;
			productType = "com.apple.product-type.application";
		};
/* End PBXNativeTarget section */

/* Begin PBXProject section */
		F59FA0E725FF3573005A606C /* Project object */ = {
			isa = PBXProject;
			attributes = {
				LastSwiftUpdateCheck = 1240;
				LastUpgradeCheck = 1240;
				TargetAttributes = {
					F59FA0EE25FF3573005A606C = {
						CreatedOnToolsVersion = 12.4;
					};
				};
			};
			buildConfigurationList = F59FA0EA25FF3573005A606C /* Build configuration list for PBXProject "Play Xylophone" */;
			compatibilityVersion = "Xcode 9.3";
			developmentRegion = en;
			hasScannedForEncodings = 0;
			knownRegions = (
				en,
				Base,
			);
			mainGroup = F59FA0E625FF3573005A606C;
			productRefGroup = F59FA0F025FF3573005A606C /* Products */;
			projectDirPath = "";
			projectRoot = "";
			targets = (
				F59FA0EE25FF3573005A606C /* Play Xylophone */,
			);
		};
/* End PBXProject section */

/* Begin PBXResourcesBuildPhase section */
		F59FA0ED25FF3573005A606C /* Resources */ = {
			isa = PBXResourcesBuildPhase;
			buildActionMask = 2147483647;
			files = (
				F59FA11525FF3643005A606C /* G.wav in Resources */,
				F59FA0FF25FF3574005A606C /* LaunchScreen.storyboard in Resources */,
				F59FA11425FF3643005A606C /* F.wav in Resources */,
				F59FA0FC25FF3574005A606C /* Assets.xcassets in Resources */,
				F59FA11125FF3643005A606C /* A.wav in Resources */,
				F59FA11325FF3643005A606C /* B.wav in Resources */,
				F59FA11625FF3643005A606C /* E.wav in Resources */,
				F59FA11725FF3643005A606C /* D.wav in Resources */,
				F59FA0FA25FF3573005A606C /* Main.storyboard in Resources */,
				F59FA11225FF3643005A606C /* C.wav in Resources */,
			);
			runOnlyForDeploymentPostprocessing = 0;
		};
/* End PBXResourcesBuildPhase section */

/* Begin PBXSourcesBuildPhase section */
		F59FA0EB25FF3573005A606C /* Sources */ = {
			isa = PBXSourcesBuildPhase;
			buildActionMask = 2147483647;
			files = (
				F59FA0F725FF3573005A606C /* ViewController.swift in Sources */,
				F59FA0F325FF3573005A606C /* AppDelegate.swift in Sources */,
				F59FA0F525FF3573005A606C /* SceneDelegate.swift in Sources */,
			);
			runOnlyForDeploymentPostprocessing = 0;
		};
/* End PBXSourcesBuildPhase section */

/* Begin PBXVariantGroup section */
		F59FA0F825FF3573005A606C /* Main.storyboard */ = {
			isa = PBXVariantGroup;
			children = (
				F59FA0F925FF3573005A606C /* Base */,
			);
			name = Main.storyboard;
			sourceTree = "<group>";
		};
		F59FA0FD25FF3574005A606C /* LaunchScreen.storyboard */ = {
			isa = PBXVariantGroup;
			children = (
				F59FA0FE25FF3574005A606C /* Base */,
			);
			name = LaunchScreen.storyboard;
			sourceTree = "<group>";
		};
/* End PBXVariantGroup section */

/* Begin XCBuildConfiguration section */
		F59FA10125FF3574005A606C /* Debug */ = {
			isa = XCBuildConfiguration;
			buildSettings = {
				ALWAYS_SEARCH_USER_PATHS = NO;
				CLANG_ANALYZER_NONNULL = YES;
				CLANG_ANALYZER_NUMBER_OBJECT_CONVERSION = YES_AGGRESSIVE;
				CLANG_CXX_LANGUAGE_STANDARD = "gnu++14";
				CLANG_CXX_LIBRARY = "libc++";
				CLANG_ENABLE_MODULES = YES;
				CLANG_ENABLE_OBJC_ARC = YES;
				CLANG_ENABLE_OBJC_WEAK = YES;
				CLANG_WARN_BLOCK_CAPTURE_AUTORELEASING = YES;
				CLANG_WARN_BOOL_CONVERSION = YES;
				CLANG_WARN_COMMA = YES;
				CLANG_WARN_CONSTANT_CONVERSION = YES;
				CLANG_WARN_DEPRECATED_OBJC_IMPLEMENTATIONS = YES;
				CLANG_WARN_DIRECT_OBJC_ISA_USAGE = YES_ERROR;
				CLANG_WARN_DOCUMENTATION_COMMENTS = YES;
				CLANG_WARN_EMPTY_BODY = YES;
				CLANG_WARN_ENUM_CONVERSION = YES;
				CLANG_WARN_INFINITE_RECURSION = YES;
				CLANG_WARN_INT_CONVERSION = YES;
				CLANG_WARN_NON_LITERAL_NULL_CONVERSION = YES;
				CLANG_WARN_OBJC_IMPLICIT_RETAIN_SELF = YES;
				CLANG_WARN_OBJC_LITERAL_CONVERSION = YES;
				CLANG_WARN_OBJC_ROOT_CLASS = YES_ERROR;
				CLANG_WARN_QUOTED_INCLUDE_IN_FRAMEWORK_HEADER = YES;
				CLANG_WARN_RANGE_LOOP_ANALYSIS = YES;
				CLANG_WARN_STRICT_PROTOTYPES = YES;
				CLANG_WARN_SUSPICIOUS_MOVE = YES;
				CLANG_WARN_UNGUARDED_AVAILABILITY = YES_AGGRESSIVE;
				CLANG_WARN_UNREACHABLE_CODE = YES;
				CLANG_WARN__DUPLICATE_METHOD_MATCH = YES;
				COPY_PHASE_STRIP = NO;
				DEBUG_INFORMATION_FORMAT = dwarf;
				ENABLE_STRICT_OBJC_MSGSEND = YES;
				ENABLE_TESTABILITY = YES;
				GCC_C_LANGUAGE_STANDARD = gnu11;
				GCC_DYNAMIC_NO_PIC = NO;
				GCC_NO_COMMON_BLOCKS = YES;
				GCC_OPTIMIZATION_LEVEL = 0;
				GCC_PREPROCESSOR_DEFINITIONS = (
					"DEBUG=1",
					"$(inherited)",
				);
				GCC_WARN_64_TO_32_BIT_CONVERSION = YES;
				GCC_WARN_ABOUT_RETURN_TYPE = YES_ERROR;
				GCC_WARN_UNDECLARED_SELECTOR = YES;
				GCC_WARN_UNINITIALIZED_AUTOS = YES_AGGRESSIVE;
				GCC_WARN_UNUSED_FUNCTION = YES;
				GCC_WARN_UNUSED_VARIABLE = YES;
				IPHONEOS_DEPLOYMENT_TARGET = 14.4;
				MTL_ENABLE_DEBUG_INFO = INCLUDE_SOURCE;
				MTL_FAST_MATH = YES;
				ONLY_ACTIVE_ARCH = YES;
				SDKROOT = iphoneos;
				SWIFT_ACTIVE_COMPILATION_CONDITIONS = DEBUG;
				SWIFT_OPTIMIZATION_LEVEL = "-Onone";
			};
			name = Debug;
		};
		F59FA10225FF3574005A606C /* Release */ = {
			isa = XCBuildConfiguration;
			buildSettings = {
				ALWAYS_SEARCH_USER_PATHS = NO;
				CLANG_ANALYZER_NONNULL = YES;
				CLANG_ANALYZER_NUMBER_OBJECT_CONVERSION = YES_AGGRESSIVE;
				CLANG_CXX_LANGUAGE_STANDARD = "gnu++14";
				CLANG_CXX_LIBRARY = "libc++";
				CLANG_ENABLE_MODULES = YES;
				CLANG_ENABLE_OBJC_ARC = YES;
				CLANG_ENABLE_OBJC_WEAK = YES;
				CLANG_WARN_BLOCK_CAPTURE_AUTORELEASING = YES;
				CLANG_WARN_BOOL_CONVERSION = YES;
				CLANG_WARN_COMMA = YES;
				CLANG_WARN_CONSTANT_CONVERSION = YES;
				CLANG_WARN_DEPRECATED_OBJC_IMPLEMENTATIONS = YES;
				CLANG_WARN_DIRECT_OBJC_ISA_USAGE = YES_ERROR;
				CLANG_WARN_DOCUMENTATION_COMMENTS = YES;
				CLANG_WARN_EMPTY_BODY = YES;
				CLANG_WARN_ENUM_CONVERSION = YES;
				CLANG_WARN_INFINITE_RECURSION = YES;
				CLANG_WARN_INT_CONVERSION = YES;
				CLANG_WARN_NON_LITERAL_NULL_CONVERSION = YES;
				CLANG_WARN_OBJC_IMPLICIT_RETAIN_SELF = YES;
				CLANG_WARN_OBJC_LITERAL_CONVERSION = YES;
				CLANG_WARN_OBJC_ROOT_CLASS = YES_ERROR;
				CLANG_WARN_QUOTED_INCLUDE_IN_FRAMEWORK_HEADER = YES;
				CLANG_WARN_RANGE_LOOP_ANALYSIS = YES;
				CLANG_WARN_STRICT_PROTOTYPES = YES;
				CLANG_WARN_SUSPICIOUS_MOVE = YES;
				CLANG_WARN_UNGUARDED_AVAILABILITY = YES_AGGRESSIVE;
				CLANG_WARN_UNREACHABLE_CODE = YES;
				CLANG_WARN__DUPLICATE_METHOD_MATCH = YES;
				COPY_PHASE_STRIP = NO;
				DEBUG_INFORMATION_FORMAT = "dwarf-with-dsym";
				ENABLE_NS_ASSERTIONS = NO;
				ENABLE_STRICT_OBJC_MSGSEND = YES;
				GCC_C_LANGUAGE_STANDARD = gnu11;
				GCC_NO_COMMON_BLOCKS = YES;
				GCC_WARN_64_TO_32_BIT_CONVERSION = YES;
				GCC_WARN_ABOUT_RETURN_TYPE = YES_ERROR;
				GCC_WARN_UNDECLARED_SELECTOR = YES;
				GCC_WARN_UNINITIALIZED_AUTOS = YES_AGGRESSIVE;
				GCC_WARN_UNUSED_FUNCTION = YES;
				GCC_WARN_UNUSED_VARIABLE = YES;
				IPHONEOS_DEPLOYMENT_TARGET = 14.4;
				MTL_ENABLE_DEBUG_INFO = NO;
				MTL_FAST_MATH = YES;
				SDKROOT = iphoneos;
				SWIFT_COMPILATION_MODE = wholemodule;
				SWIFT_OPTIMIZATION_LEVEL = "-O";
				VALIDATE_PRODUCT = YES;
			};
			name = Release;
		};
		F59FA10425FF3574005A606C /* Debug */ = {
			isa = XCBuildConfiguration;
			buildSettings = {
				ASSETCATALOG_COMPILER_APPICON_NAME = AppIcon;
				ASSETCATALOG_COMPILER_GLOBAL_ACCENT_COLOR_NAME = AccentColor;
				CODE_SIGN_STYLE = Automatic;
				DEVELOPMENT_TEAM = 22946LSHH7;
				INFOPLIST_FILE = "Play Xylophone/Info.plist";
				LD_RUNPATH_SEARCH_PATHS = (
					"$(inherited)",
					"@executable_path/Frameworks",
				);
				PRODUCT_BUNDLE_IDENTIFIER = "ramin.Play-Xylophone";
				PRODUCT_NAME = "$(TARGET_NAME)";
				SWIFT_VERSION = 5.0;
				TARGETED_DEVICE_FAMILY = 1;
			};
			name = Debug;
		};
		F59FA10525FF3574005A606C /* Release */ = {
			isa = XCBuildConfiguration;
			buildSettings = {
				ASSETCATALOG_COMPILER_APPICON_NAME = AppIcon;
				ASSETCATALOG_COMPILER_GLOBAL_ACCENT_COLOR_NAME = AccentColor;
				CODE_SIGN_STYLE = Automatic;
				DEVELOPMENT_TEAM = 22946LSHH7;
				INFOPLIST_FILE = "Play Xylophone/Info.plist";
				LD_RUNPATH_SEARCH_PATHS = (
					"$(inherited)",
					"@executable_path/Frameworks",
				);
				PRODUCT_BUNDLE_IDENTIFIER = "ramin.Play-Xylophone";
				PRODUCT_NAME = "$(TARGET_NAME)";
				SWIFT_VERSION = 5.0;
				TARGETED_DEVICE_FAMILY = 1;
			};
			name = Release;
		};
/* End XCBuildConfiguration section */

/* Begin XCConfigurationList section */
		F59FA0EA25FF3573005A606C /* Build configuration list for PBXProject "Play Xylophone" */ = {
			isa = XCConfigurationList;
			buildConfigurations = (
				F59FA10125FF3574005A606C /* Debug */,
				F59FA10225FF3574005A606C /* Release */,
			);
			defaultConfigurationIsVisible = 0;
			defaultConfigurationName = Release;
		};
		F59FA10325FF3574005A606C /* Build configuration list for PBXNativeTarget "Play Xylophone" */ = {
			isa = XCConfigurationList;
			buildConfigurations = (
				F59FA10425FF3574005A606C /* Debug */,
				F59FA10525FF3574005A606C /* Release */,
			);
			defaultConfigurationIsVisible = 0;
			defaultConfigurationName = Release;
		};
/* End XCConfigurationList section */
	};
	rootObject = F59FA0E725FF3573005A606C /* Project object */;
}
